
Microsoft Visual Studio Solution File, Format Version 12.00
# Visual Studio Version 16
VisualStudioVersion = 16.0.30804.86
MinimumVisualStudioVersion = 10.0.40219.1
Project("{FAE04EC0-301F-11D3-BF4B-00C04F79EFBC}") = "Assignment4Foodie", "Assignment4Foodie.csproj", "{1BE6E4AD-A787-4A39-B0B0-871769A29FAA}"
EndProject
Global
	GlobalSection(SolutionConfigurationPlatforms) = preSolution
		Debug|Any CPU = Debug|Any CPU
		Release|Any CPU = Release|Any CPU
	EndGlobalSection
	GlobalSection(ProjectConfigurationPlatforms) = postSolution
		{1BE6E4AD-A787-4A39-B0B0-871769A29FAA}.Debug|Any CPU.ActiveCfg = Debug|Any CPU
		{1BE6E4AD-A787-4A39-B0B0-871769A29FAA}.Debug|Any CPU.Build.0 = Debug|Any CPU
		{1BE6E4AD-A787-4A39-B0B0-871769A29FAA}.Release|Any CPU.ActiveCfg = Release|Any CPU
		{1BE6E4AD-A787-4A39-B0B0-871769A29FAA}.Release|Any CPU.Build.0 = Release|Any CPU
	EndGlobalSection
	GlobalSection(SolutionProperties) = preSolution
		HideSolutionNode = FALSE
	EndGlobalSection
	GlobalSection(ExtensibilityGlobals) = postSolution
		SolutionGuid = {F92ABC6B-EDE7-41A6-9E78-203CC017D20E}
	EndGlobalSection
EndGlobal
